// !$*UTF8*$!
{
	archiveVersion = 1;
	classes = {
	};
	objectVersion = 56;
	objects = {

/* Begin PBXBuildFile section */
		A0B0C0D0E0F1011121314151 /* HistoryEncryptedBrowserApp.swift in Sources */ = {isa = PBXBuildFile; fileRef = B0B0C0D0E0F1011121314151 /* HistoryEncryptedBrowserApp.swift */; };
		A0B0C0D0E0F1011121314152 /* BrowserNavigationSnapshot.swift in Sources */ = {isa = PBXBuildFile; fileRef = B0B0C0D0E0F1011121314152 /* BrowserNavigationSnapshot.swift */; };
		A0B0C0D0E0F1011121314153 /* AddressResolving.swift in Sources */ = {isa = PBXBuildFile; fileRef = B0B0C0D0E0F1011121314153 /* AddressResolving.swift */; };
		A0B0C0D0E0F1011121314154 /* BrowserProtocols.swift in Sources */ = {isa = PBXBuildFile; fileRef = B0B0C0D0E0F1011121314154 /* BrowserProtocols.swift */; };
		A0B0C0D0E0F1011121314155 /* BrowserViewModel.swift in Sources */ = {isa = PBXBuildFile; fileRef = B0B0C0D0E0F1011121314155 /* BrowserViewModel.swift */; };
		A0B0C0D0E0F1011121314156 /* BrowserView.swift in Sources */ = {isa = PBXBuildFile; fileRef = B0B0C0D0E0F1011121314156 /* BrowserView.swift */; };
		A0B0C0D0E0F1011121314157 /* BrowserWebView.swift in Sources */ = {isa = PBXBuildFile; fileRef = B0B0C0D0E0F1011121314157 /* BrowserWebView.swift */; };
		A0B0C0D0E0F1011121314BB1 /* URLHistoryNormalize.swift in Sources */ = {isa = PBXBuildFile; fileRef = B0B0C0D0E0F1011121314BB1 /* URLHistoryNormalize.swift */; };
		A0B0C0D0E0F1011121314BB2 /* VaultTypes.swift in Sources */ = {isa = PBXBuildFile; fileRef = B0B0C0D0E0F1011121314BB2 /* VaultTypes.swift */; };
		A0B0C0D0E0F1011121314BB3 /* VaultCryptoService.swift in Sources */ = {isa = PBXBuildFile; fileRef = B0B0C0D0E0F1011121314BB3 /* VaultCryptoService.swift */; };
		A0B0C0D0E0F1011121314BB4 /* IncognitoVaultStore.swift in Sources */ = {isa = PBXBuildFile; fileRef = B0B0C0D0E0F1011121314BB4 /* IncognitoVaultStore.swift */; };
		A0B0C0D0E0F1011121314BB5 /* PrivateHistoryRecorder.swift in Sources */ = {isa = PBXBuildFile; fileRef = B0B0C0D0E0F1011121314BB5 /* PrivateHistoryRecorder.swift */; };
		A0B0C0D0E0F1011121314BB6 /* VaultHistorySheet.swift in Sources */ = {isa = PBXBuildFile; fileRef = B0B0C0D0E0F1011121314BB6 /* VaultHistorySheet.swift */; };
		A0B0C0D0E0F1011121314BC1 /* BrowsingMode.swift in Sources */ = {isa = PBXBuildFile; fileRef = B0B0C0D0E0F1011121314BC1 /* BrowsingMode.swift */; };
		A0B0C0D0E0F1011121314BC2 /* PlainHistoryStore.swift in Sources */ = {isa = PBXBuildFile; fileRef = B0B0C0D0E0F1011121314BC2 /* PlainHistoryStore.swift */; };
		A0B0C0D0E0F1011121314BC3 /* NormalHistoryRecorder.swift in Sources */ = {isa = PBXBuildFile; fileRef = B0B0C0D0E0F1011121314BC3 /* NormalHistoryRecorder.swift */; };
		A0B0C0D0E0F1011121314BC4 /* NormalHistorySheet.swift in Sources */ = {isa = PBXBuildFile; fileRef = B0B0C0D0E0F1011121314BC4 /* NormalHistorySheet.swift */; };
		A0B0C0D0E0F1011121314BC5 /* BookmarksStore.swift in Sources */ = {isa = PBXBuildFile; fileRef = B0B0C0D0E0F1011121314BC5 /* BookmarksStore.swift */; };
		A0B0C0D0E0F1011121314BC6 /* BookmarksSheet.swift in Sources */ = {isa = PBXBuildFile; fileRef = B0B0C0D0E0F1011121314BC6 /* BookmarksSheet.swift */; };
		A0B0C0D0E0F1011121314158 /* Assets.xcassets in Resources */ = {isa = PBXBuildFile; fileRef = B0B0C0D0E0F1011121314158 /* Assets.xcassets */; };
		A0B0C0D0E0F1011121314159 /* WebKit.framework in Frameworks */ = {isa = PBXBuildFile; fileRef = B0B0C0D0E0F1011121314159 /* WebKit.framework */; };
/* End PBXBuildFile section */

/* Begin PBXFileReference section */
		C0B0C0D0E0F1011121314151 /* HistoryEncryptedBrowser.app */ = {isa = PBXFileReference; explicitFileType = wrapper.application; includeInIndex = 0; path = HistoryEncryptedBrowser.app; sourceTree = BUILT_PRODUCTS_DIR; };
		B0B0C0D0E0F1011121314151 /* HistoryEncryptedBrowserApp.swift */ = {isa = PBXFileReference; lastKnownFileType = sourcecode.swift; path = HistoryEncryptedBrowserApp.swift; sourceTree = "<group>"; };
		B0B0C0D0E0F1011121314152 /* BrowserNavigationSnapshot.swift */ = {isa = PBXFileReference; lastKnownFileType = sourcecode.swift; path = BrowserNavigationSnapshot.swift; sourceTree = "<group>"; };
		B0B0C0D0E0F1011121314153 /* AddressResolving.swift */ = {isa = PBXFileReference; lastKnownFileType = sourcecode.swift; path = AddressResolving.swift; sourceTree = "<group>"; };
		B0B0C0D0E0F1011121314154 /* BrowserProtocols.swift */ = {isa = PBXFileReference; lastKnownFileType = sourcecode.swift; path = BrowserProtocols.swift; sourceTree = "<group>"; };
		B0B0C0D0E0F1011121314155 /* BrowserViewModel.swift */ = {isa = PBXFileReference; lastKnownFileType = sourcecode.swift; path = BrowserViewModel.swift; sourceTree = "<group>"; };
		B0B0C0D0E0F1011121314156 /* BrowserView.swift */ = {isa = PBXFileReference; lastKnownFileType = sourcecode.swift; path = BrowserView.swift; sourceTree = "<group>"; };
		B0B0C0D0E0F1011121314157 /* BrowserWebView.swift */ = {isa = PBXFileReference; lastKnownFileType = sourcecode.swift; path = BrowserWebView.swift; sourceTree = "<group>"; };
		B0B0C0D0E0F1011121314158 /* Assets.xcassets */ = {isa = PBXFileReference; lastKnownFileType = folder.assetcatalog; path = Assets.xcassets; sourceTree = "<group>"; };
		B0B0C0D0E0F1011121314159 /* WebKit.framework */ = {isa = PBXFileReference; lastKnownFileType = wrapper.framework; name = WebKit.framework; path = System/Library/Frameworks/WebKit.framework; sourceTree = SDKROOT; };
		B0B0C0D0E0F1011121314BB1 /* URLHistoryNormalize.swift */ = {isa = PBXFileReference; lastKnownFileType = sourcecode.swift; path = URLHistoryNormalize.swift; sourceTree = "<group>"; };
		B0B0C0D0E0F1011121314BB2 /* VaultTypes.swift */ = {isa = PBXFileReference; lastKnownFileType = sourcecode.swift; path = VaultTypes.swift; sourceTree = "<group>"; };
		B0B0C0D0E0F1011121314BB3 /* VaultCryptoService.swift */ = {isa = PBXFileReference; lastKnownFileType = sourcecode.swift; path = VaultCryptoService.swift; sourceTree = "<group>"; };
		B0B0C0D0E0F1011121314BB4 /* IncognitoVaultStore.swift */ = {isa = PBXFileReference; lastKnownFileType = sourcecode.swift; path = IncognitoVaultStore.swift; sourceTree = "<group>"; };
		B0B0C0D0E0F1011121314BB5 /* PrivateHistoryRecorder.swift */ = {isa = PBXFileReference; lastKnownFileType = sourcecode.swift; path = PrivateHistoryRecorder.swift; sourceTree = "<group>"; };
		B0B0C0D0E0F1011121314BB6 /* VaultHistorySheet.swift */ = {isa = PBXFileReference; lastKnownFileType = sourcecode.swift; path = VaultHistorySheet.swift; sourceTree = "<group>"; };
		B0B0C0D0E0F1011121314BC1 /* BrowsingMode.swift */ = {isa = PBXFileReference; lastKnownFileType = sourcecode.swift; path = BrowsingMode.swift; sourceTree = "<group>"; };
		B0B0C0D0E0F1011121314BC2 /* PlainHistoryStore.swift */ = {isa = PBXFileReference; lastKnownFileType = sourcecode.swift; path = PlainHistoryStore.swift; sourceTree = "<group>"; };
		B0B0C0D0E0F1011121314BC3 /* NormalHistoryRecorder.swift */ = {isa = PBXFileReference; lastKnownFileType = sourcecode.swift; path = NormalHistoryRecorder.swift; sourceTree = "<group>"; };
		B0B0C0D0E0F1011121314BC4 /* NormalHistorySheet.swift */ = {isa = PBXFileReference; lastKnownFileType = sourcecode.swift; path = NormalHistorySheet.swift; sourceTree = "<group>"; };
		B0B0C0D0E0F1011121314BC5 /* BookmarksStore.swift */ = {isa = PBXFileReference; lastKnownFileType = sourcecode.swift; path = BookmarksStore.swift; sourceTree = "<group>"; };
		B0B0C0D0E0F1011121314BC6 /* BookmarksSheet.swift */ = {isa = PBXFileReference; lastKnownFileType = sourcecode.swift; path = BookmarksSheet.swift; sourceTree = "<group>"; };
		B0B0C0D0E0F1011121314BB7 /* HistoryEncryptedBrowser-Bridging-Header.h */ = {isa = PBXFileReference; lastKnownFileType = sourcecode.c.h; path = "HistoryEncryptedBrowser-Bridging-Header.h"; sourceTree = "<group>"; };
/* End PBXFileReference section */

/* Begin PBXFrameworksBuildPhase section */
		D0B0C0D0E0F1011121314151 /* Frameworks */ = {
			isa = PBXFrameworksBuildPhase;
			buildActionMask = 2147483647;
			files = (
				A0B0C0D0E0F1011121314159 /* WebKit.framework in Frameworks */,
			);
			runOnlyForDeploymentPostprocessing = 0;
		};
/* End PBXFrameworksBuildPhase section */

/* Begin PBXGroup section */
		D0B0C0D0E0F1011121314152 /* Root */ = {
			isa = PBXGroup;
			children = (
				D0B0C0D0E0F1011121314153 /* HistoryEncryptedBrowser */,
				D0B0C0D0E0F1011121314154 /* Products */,
			);
			sourceTree = "<group>";
		};
		D0B0C0D0E0F1011121314154 /* Products */ = {
			isa = PBXGroup;
			children = (
				C0B0C0D0E0F1011121314151 /* HistoryEncryptedBrowser.app */,
			);
			name = Products;
			sourceTree = "<group>";
		};
		D0B0C0D0E0F1011121314153 /* HistoryEncryptedBrowser */ = {
			isa = PBXGroup;
			children = (
				D0B0C0D0E0F1011121314155 /* App */,
				D0B0C0D0E0F1011121314156 /* Model */,
				D0B0C0D0E0F1011121314157 /* ViewModel */,
				D0B0C0D0E0F1011121314158 /* View */,
				B0B0C0D0E0F1011121314BB7 /* HistoryEncryptedBrowser-Bridging-Header.h */,
				B0B0C0D0E0F1011121314158 /* Assets.xcassets */,
			);
			path = HistoryEncryptedBrowser;
			sourceTree = "<group>";
		};
		D0B0C0D0E0F1011121314155 /* App */ = {
			isa = PBXGroup;
			children = (
				B0B0C0D0E0F1011121314151 /* HistoryEncryptedBrowserApp.swift */,
			);
			path = App;
			sourceTree = "<group>";
		};
		D0B0C0D0E0F1011121314156 /* Model */ = {
			isa = PBXGroup;
			children = (
				B0B0C0D0E0F1011121314152 /* BrowserNavigationSnapshot.swift */,
				B0B0C0D0E0F1011121314153 /* AddressResolving.swift */,
				B0B0C0D0E0F1011121314BB1 /* URLHistoryNormalize.swift */,
				B0B0C0D0E0F1011121314BB2 /* VaultTypes.swift */,
				B0B0C0D0E0F1011121314BB3 /* VaultCryptoService.swift */,
				B0B0C0D0E0F1011121314BB4 /* IncognitoVaultStore.swift */,
				B0B0C0D0E0F1011121314BB5 /* PrivateHistoryRecorder.swift */,
				B0B0C0D0E0F1011121314BC1 /* BrowsingMode.swift */,
				B0B0C0D0E0F1011121314BC2 /* PlainHistoryStore.swift */,
				B0B0C0D0E0F1011121314BC3 /* NormalHistoryRecorder.swift */,
				B0B0C0D0E0F1011121314BC5 /* BookmarksStore.swift */,
			);
			path = Model;
			sourceTree = "<group>";
		};
		D0B0C0D0E0F1011121314157 /* ViewModel */ = {
			isa = PBXGroup;
			children = (
				B0B0C0D0E0F1011121314154 /* BrowserProtocols.swift */,
				B0B0C0D0E0F1011121314155 /* BrowserViewModel.swift */,
			);
			path = ViewModel;
			sourceTree = "<group>";
		};
		D0B0C0D0E0F1011121314158 /* View */ = {
			isa = PBXGroup;
			children = (
				B0B0C0D0E0F1011121314156 /* BrowserView.swift */,
				B0B0C0D0E0F1011121314157 /* BrowserWebView.swift */,
				B0B0C0D0E0F1011121314BB6 /* VaultHistorySheet.swift */,
				B0B0C0D0E0F1011121314BC4 /* NormalHistorySheet.swift */,
				B0B0C0D0E0F1011121314BC6 /* BookmarksSheet.swift */,
			);
			path = View;
			sourceTree = "<group>";
		};
/* End PBXGroup section */

/* Begin PBXNativeTarget section */
		7F8A9B0C1D2E3F4051627384 /* HistoryEncryptedBrowser */ = {
			isa = PBXNativeTarget;
			buildConfigurationList = E0B0C0D0E0F1011121314151 /* Build configuration list for PBXNativeTarget "HistoryEncryptedBrowser" */;
			buildPhases = (
				D0B0C0D0E0F1011121314159 /* Sources */,
				D0B0C0D0E0F1011121314151 /* Frameworks */,
				D0B0C0D0E0F1011121314160 /* Resources */,
			);
			buildRules = (
			);
			dependencies = (
			);
			name = HistoryEncryptedBrowser;
			productName = HistoryEncryptedBrowser;
			productReference = C0B0C0D0E0F1011121314151 /* HistoryEncryptedBrowser.app */;
			productType = "com.apple.product-type.application";
		};
/* End PBXNativeTarget section */

/* Begin PBXProject section */
		E0B0C0D0E0F1011121314161 /* Project object */ = {
			isa = PBXProject;
			attributes = {
				BuildIndependentTargetsInParallel = 1;
				LastSwiftUpdateCheck = 1600;
				LastUpgradeCheck = 1600;
				TargetAttributes = {
					7F8A9B0C1D2E3F4051627384 = {
						CreatedOnToolsVersion = 16.0;
					};
				};
			};
			buildConfigurationList = E0B0C0D0E0F1011121314162 /* Build configuration list for PBXProject "HistoryEncryptedBrowser" */;
			compatibilityVersion = "Xcode 14.0";
			developmentRegion = en;
			hasScannedForEncodings = 0;
			knownRegions = (
				en,
				Base,
			);
			mainGroup = D0B0C0D0E0F1011121314152 /* Root */;
			productRefGroup = D0B0C0D0E0F1011121314154 /* Products */;
			projectDirPath = "";
			projectRoot = "";
			targets = (
				7F8A9B0C1D2E3F4051627384 /* HistoryEncryptedBrowser */,
			);
		};
/* End PBXProject section */

/* Begin PBXResourcesBuildPhase section */
		D0B0C0D0E0F1011121314160 /* Resources */ = {
			isa = PBXResourcesBuildPhase;
			buildActionMask = 2147483647;
			files = (
				A0B0C0D0E0F1011121314158 /* Assets.xcassets in Resources */,
			);
			runOnlyForDeploymentPostprocessing = 0;
		};
/* End PBXResourcesBuildPhase section */

/* Begin PBXSourcesBuildPhase section */
		D0B0C0D0E0F1011121314159 /* Sources */ = {
			isa = PBXSourcesBuildPhase;
			buildActionMask = 2147483647;
			files = (
				A0B0C0D0E0F1011121314151 /* HistoryEncryptedBrowserApp.swift in Sources */,
				A0B0C0D0E0F1011121314152 /* BrowserNavigationSnapshot.swift in Sources */,
				A0B0C0D0E0F1011121314153 /* AddressResolving.swift in Sources */,
				A0B0C0D0E0F1011121314154 /* BrowserProtocols.swift in Sources */,
				A0B0C0D0E0F1011121314155 /* BrowserViewModel.swift in Sources */,
				A0B0C0D0E0F1011121314156 /* BrowserView.swift in Sources */,
				A0B0C0D0E0F1011121314157 /* BrowserWebView.swift in Sources */,
				A0B0C0D0E0F1011121314BB1 /* URLHistoryNormalize.swift in Sources */,
				A0B0C0D0E0F1011121314BB2 /* VaultTypes.swift in Sources */,
				A0B0C0D0E0F1011121314BB3 /* VaultCryptoService.swift in Sources */,
				A0B0C0D0E0F1011121314BB4 /* IncognitoVaultStore.swift in Sources */,
				A0B0C0D0E0F1011121314BB5 /* PrivateHistoryRecorder.swift in Sources */,
				A0B0C0D0E0F1011121314BB6 /* VaultHistorySheet.swift in Sources */,
				A0B0C0D0E0F1011121314BC1 /* BrowsingMode.swift in Sources */,
				A0B0C0D0E0F1011121314BC2 /* PlainHistoryStore.swift in Sources */,
				A0B0C0D0E0F1011121314BC3 /* NormalHistoryRecorder.swift in Sources */,
				A0B0C0D0E0F1011121314BC4 /* NormalHistorySheet.swift in Sources */,
				A0B0C0D0E0F1011121314BC5 /* BookmarksStore.swift in Sources */,
				A0B0C0D0E0F1011121314BC6 /* BookmarksSheet.swift in Sources */,
			);
			runOnlyForDeploymentPostprocessing = 0;
		};
/* End PBXSourcesBuildPhase section */

/* Begin XCBuildConfiguration section */
		F0B0C0D0E0F1011121314151 /* Debug */ = {
			isa = XCBuildConfiguration;
			buildSettings = {
				ALWAYS_SEARCH_USER_PATHS = NO;
				ASSETCATALOG_COMPILER_GENERATE_SWIFT_ASSET_SYMBOL_EXTENSIONS = YES;
				CLANG_ANALYZER_NONNULL = YES;
				CLANG_ANALYZER_NUMBER_OBJECT_CONVERSION = YES_AGGRESSIVE;
				CLANG_CXX_LANGUAGE_STANDARD = "gnu++20";
				CLANG_ENABLE_MODULES = YES;
				CLANG_ENABLE_OBJC_ARC = YES;
				CLANG_ENABLE_OBJC_WEAK = YES;
				CLANG_WARN_BLOCK_CAPTURE_AUTORELEASING = YES;
				CLANG_WARN_BOOL_CONVERSION = YES;
				CLANG_WARN_COMMA = YES;
				CLANG_WARN_CONSTANT_CONVERSION = YES;
				CLANG_WARN_DEPRECATED_OBJC_IMPLEMENTATIONS = YES;
				CLANG_WARN_DIRECT_OBJC_ISA_USAGE = YES_ERROR;
				CLANG_WARN_DOCUMENTATION_COMMENTS = YES;
				CLANG_WARN_EMPTY_BODY = YES;
				CLANG_WARN_ENUM_CONVERSION = YES;
				CLANG_WARN_INFINITE_RECURSION = YES;
				CLANG_WARN_INT_CONVERSION = YES;
				CLANG_WARN_NON_LITERAL_NULL_CONVERSION = YES;
				CLANG_WARN_OBJC_IMPLICIT_RETAIN_SELF = YES;
				CLANG_WARN_OBJC_LITERAL_CONVERSION = YES;
				CLANG_WARN_OBJC_ROOT_CLASS = YES_ERROR;
				CLANG_WARN_QUOTED_INCLUDE_IN_FRAMEWORK_HEADER = YES;
				CLANG_WARN_RANGE_LOOP_ANALYSIS = YES;
				CLANG_WARN_STRICT_PROTOTYPES = YES;
				CLANG_WARN_SUSPICIOUS_MOVE = YES;
				CLANG_WARN_UNGUARDED_AVAILABILITY = YES_AGGRESSIVE;
				CLANG_WARN_UNREACHABLE_CODE = YES;
				CLANG_WARN__DUPLICATE_METHOD_MATCH = YES;
				COPY_PHASE_STRIP = NO;
				DEBUG_INFORMATION_FORMAT = dwarf;
				ENABLE_STRICT_OBJC_MSGSEND = YES;
				ENABLE_TESTABILITY = YES;
				ENABLE_USER_SCRIPT_SANDBOXING = YES;
				GCC_C_LANGUAGE_STANDARD = gnu17;
				GCC_DYNAMIC_NO_PIC = NO;
				GCC_NO_COMMON_BLOCKS = YES;
				GCC_OPTIMIZATION_LEVEL = 0;
				GCC_PREPROCESSOR_DEFINITIONS = (
					"DEBUG=1",
					"$(inherited)",
				);
				GCC_WARN_64_TO_32_BIT_CONVERSION = YES;
				GCC_WARN_ABOUT_RETURN_TYPE = YES_ERROR;
				GCC_WARN_UNDECLARED_SELECTOR = YES;
				GCC_WARN_UNINITIALIZED_AUTOS = YES_AGGRESSIVE;
				GCC_WARN_UNUSED_FUNCTION = YES;
				GCC_WARN_UNUSED_VARIABLE = YES;
				IPHONEOS_DEPLOYMENT_TARGET = 17.0;
				LOCALIZATION_PREFERS_STRING_CATALOGS = YES;
				MTL_ENABLE_DEBUG_INFO = INCLUDE_SOURCE;
				MTL_FAST_MATH = YES;
				ONLY_ACTIVE_ARCH = YES;
				SDKROOT = iphoneos;
				SWIFT_ACTIVE_COMPILATION_CONDITIONS = "DEBUG $(inherited)";
				SWIFT_OPTIMIZATION_LEVEL = "-Onone";
			};
			name = Debug;
		};
		F0B0C0D0E0F1011121314152 /* Release */ = {
			isa = XCBuildConfiguration;
			buildSettings = {
				ALWAYS_SEARCH_USER_PATHS = NO;
				ASSETCATALOG_COMPILER_GENERATE_SWIFT_ASSET_SYMBOL_EXTENSIONS = YES;
				CLANG_ANALYZER_NONNULL = YES;
				CLANG_ANALYZER_NUMBER_OBJECT_CONVERSION = YES_AGGRESSIVE;
				CLANG_CXX_LANGUAGE_STANDARD = "gnu++20";
				CLANG_ENABLE_MODULES = YES;
				CLANG_ENABLE_OBJC_ARC = YES;
				CLANG_ENABLE_OBJC_WEAK = YES;
				CLANG_WARN_BLOCK_CAPTURE_AUTORELEASING = YES;
				CLANG_WARN_BOOL_CONVERSION = YES;
				CLANG_WARN_COMMA = YES;
				CLANG_WARN_CONSTANT_CONVERSION = YES;
				CLANG_WARN_DEPRECATED_OBJC_IMPLEMENTATIONS = YES;
				CLANG_WARN_DIRECT_OBJC_ISA_USAGE = YES_ERROR;
				CLANG_WARN_DOCUMENTATION_COMMENTS = YES;
				CLANG_WARN_EMPTY_BODY = YES;
				CLANG_WARN_ENUM_CONVERSION = YES;
				CLANG_WARN_INFINITE_RECURSION = YES;
				CLANG_WARN_INT_CONVERSION = YES;
				CLANG_WARN_NON_LITERAL_NULL_CONVERSION = YES;
				CLANG_WARN_OBJC_IMPLICIT_RETAIN_SELF = YES;
				CLANG_WARN_OBJC_LITERAL_CONVERSION = YES;
				CLANG_WARN_OBJC_ROOT_CLASS = YES_ERROR;
				CLANG_WARN_QUOTED_INCLUDE_IN_FRAMEWORK_HEADER = YES;
				CLANG_WARN_RANGE_LOOP_ANALYSIS = YES;
				CLANG_WARN_STRICT_PROTOTYPES = YES;
				CLANG_WARN_SUSPICIOUS_MOVE = YES;
				CLANG_WARN_UNGUARDED_AVAILABILITY = YES_AGGRESSIVE;
				CLANG_WARN_UNREACHABLE_CODE = YES;
				CLANG_WARN__DUPLICATE_METHOD_MATCH = YES;
				COPY_PHASE_STRIP = NO;
				DEBUG_INFORMATION_FORMAT = "dwarf-with-dsym";
				ENABLE_NS_ASSERTIONS = NO;
				ENABLE_STRICT_OBJC_MSGSEND = YES;
				ENABLE_USER_SCRIPT_SANDBOXING = YES;
				GCC_C_LANGUAGE_STANDARD = gnu17;
				GCC_NO_COMMON_BLOCKS = YES;
				GCC_WARN_64_TO_32_BIT_CONVERSION = YES;
				GCC_WARN_ABOUT_RETURN_TYPE = YES_ERROR;
				GCC_WARN_UNDECLARED_SELECTOR = YES;
				GCC_WARN_UNINITIALIZED_AUTOS = YES_AGGRESSIVE;
				GCC_WARN_UNUSED_FUNCTION = YES;
				GCC_WARN_UNUSED_VARIABLE = YES;
				IPHONEOS_DEPLOYMENT_TARGET = 17.0;
				LOCALIZATION_PREFERS_STRING_CATALOGS = YES;
				MTL_ENABLE_DEBUG_INFO = NO;
				MTL_FAST_MATH = YES;
				SDKROOT = iphoneos;
				SWIFT_COMPILATION_MODE = wholemodule;
				VALIDATE_PRODUCT = YES;
			};
			name = Release;
		};
		F0B0C0D0E0F1011121314153 /* Debug */ = {
			isa = XCBuildConfiguration;
			buildSettings = {
				ASSETCATALOG_COMPILER_APPICON_NAME = AppIcon;
				ASSETCATALOG_COMPILER_GLOBAL_ACCENT_COLOR_NAME = AccentColor;
				CODE_SIGN_STYLE = Automatic;
				CURRENT_PROJECT_VERSION = 1;
				DEVELOPMENT_TEAM = "";
				ENABLE_PREVIEWS = YES;
				GENERATE_INFOPLIST_FILE = YES;
				INFOPLIST_KEY_CFBundleDisplayName = "私密浏览";
				INFOPLIST_KEY_LSApplicationCategoryType = "public.app-category.utilities";
				INFOPLIST_KEY_UIApplicationSceneManifest_Generation = YES;
				INFOPLIST_KEY_UIApplicationSupportsIndirectInputEvents = YES;
				INFOPLIST_KEY_UILaunchScreen_Generation = YES;
				INFOPLIST_KEY_UISupportedInterfaceOrientations_iPad = "UIInterfaceOrientationPortrait UIInterfaceOrientationPortraitUpsideDown UIInterfaceOrientationLandscapeLeft UIInterfaceOrientationLandscapeRight";
				INFOPLIST_KEY_UISupportedInterfaceOrientations_iPhone = "UIInterfaceOrientationPortrait UIInterfaceOrientationLandscapeLeft UIInterfaceOrientationLandscapeRight";
				LD_RUNPATH_SEARCH_PATHS = (
					"$(inherited)",
					"@executable_path/Frameworks",
				);
				MARKETING_VERSION = 1.0;
				PRODUCT_BUNDLE_IDENTIFIER = com.historyencrypted.browser;
				PRODUCT_NAME = "$(TARGET_NAME)";
				SUPPORTED_PLATFORMS = "iphoneos iphonesimulator";
				SUPPORTS_MACCATALYST = NO;
				SWIFT_EMIT_LOC_STRINGS = YES;
				SWIFT_OBJC_BRIDGING_HEADER = "HistoryEncryptedBrowser/HistoryEncryptedBrowser-Bridging-Header.h";
				SWIFT_VERSION = 5.0;
				TARGETED_DEVICE_FAMILY = "1,2";
			};
			name = Debug;
		};
		F0B0C0D0E0F1011121314154 /* Release */ = {
			isa = XCBuildConfiguration;
			buildSettings = {
				ASSETCATALOG_COMPILER_APPICON_NAME = AppIcon;
				ASSETCATALOG_COMPILER_GLOBAL_ACCENT_COLOR_NAME = AccentColor;
				CODE_SIGN_STYLE = Automatic;
				CURRENT_PROJECT_VERSION = 1;
				DEVELOPMENT_TEAM = "";
				ENABLE_PREVIEWS = YES;
				GENERATE_INFOPLIST_FILE = YES;
				INFOPLIST_KEY_CFBundleDisplayName = "私密浏览";
				INFOPLIST_KEY_LSApplicationCategoryType = "public.app-category.utilities";
				INFOPLIST_KEY_UIApplicationSceneManifest_Generation = YES;
				INFOPLIST_KEY_UIApplicationSupportsIndirectInputEvents = YES;
				INFOPLIST_KEY_UILaunchScreen_Generation = YES;
				INFOPLIST_KEY_UISupportedInterfaceOrientations_iPad = "UIInterfaceOrientationPortrait UIInterfaceOrientationPortraitUpsideDown UIInterfaceOrientationLandscapeLeft UIInterfaceOrientationLandscapeRight";
				INFOPLIST_KEY_UISupportedInterfaceOrientations_iPhone = "UIInterfaceOrientationPortrait UIInterfaceOrientationLandscapeLeft UIInterfaceOrientationLandscapeRight";
				LD_RUNPATH_SEARCH_PATHS = (
					"$(inherited)",
					"@executable_path/Frameworks",
				);
				MARKETING_VERSION = 1.0;
				PRODUCT_BUNDLE_IDENTIFIER = com.historyencrypted.browser;
				PRODUCT_NAME = "$(TARGET_NAME)";
				SUPPORTED_PLATFORMS = "iphoneos iphonesimulator";
				SUPPORTS_MACCATALYST = NO;
				SWIFT_EMIT_LOC_STRINGS = YES;
				SWIFT_OBJC_BRIDGING_HEADER = "HistoryEncryptedBrowser/HistoryEncryptedBrowser-Bridging-Header.h";
				SWIFT_VERSION = 5.0;
				TARGETED_DEVICE_FAMILY = "1,2";
			};
			name = Release;
		};
/* End XCBuildConfiguration section */

/* Begin XCConfigurationList section */
		E0B0C0D0E0F1011121314162 /* Build configuration list for PBXProject "HistoryEncryptedBrowser" */ = {
			isa = XCConfigurationList;
			buildConfigurations = (
				F0B0C0D0E0F1011121314151 /* Debug */,
				F0B0C0D0E0F1011121314152 /* Release */,
			);
			defaultConfigurationIsVisible = 0;
			defaultConfigurationName = Release;
		};
		E0B0C0D0E0F1011121314151 /* Build configuration list for PBXNativeTarget "HistoryEncryptedBrowser" */ = {
			isa = XCConfigurationList;
			buildConfigurations = (
				F0B0C0D0E0F1011121314153 /* Debug */,
				F0B0C0D0E0F1011121314154 /* Release */,
			);
			defaultConfigurationIsVisible = 0;
			defaultConfigurationName = Release;
		};
/* End XCConfigurationList section */
	};
	rootObject = E0B0C0D0E0F1011121314161 /* Project object */;
}
